<Solution>
  <Project Path="SimpleTrader.Domain.Tests/SimpleTrader.Domain.Tests.csproj" Id="4299eab0-5188-4d99-bfe1-6372f277ac7e" />
  <Project Path="SimpleTrader.Domain/SimpleTrader.Domain.csproj" />
  <Project Path="SimpleTrader.EntityFramework/SimpleTrader.EntityFramework.csproj" />
  <Project Path="SimpleTrader.FinancialModelingPrepAPI/SimpleTrader.FinancialModelingPrepAPI.csproj" Id="452c0ca6-06f1-4740-9eed-c542262ebd38" />
  <Project Path="SimpleTrader.WPF/SimpleTrader.WPF.csproj" Id="bc79f14c-ea73-4240-88e1-cbafbc520616" />
</Solution>
